
Microsoft Visual Studio Solution File, Format Version 12.00
# Visual Studio Version 18
VisualStudioVersion = 18.3.11520.95 d18.3
MinimumVisualStudioVersion = 10.0.40219.1
Project("{FAE04EC0-301F-11D3-BF4B-00C04F79EFBC}") = "ExemploAssinadorXML", "ExemploAssinadorXML.csproj", "{7A33C55A-B203-4891-A0B0-78964A4F0228}"
EndProject
Project("{54435603-DBB4-11D2-8724-00A0C9A8B90C}") = "AssinadorInstaller", "..\AssinadorInstaller\AssinadorInstaller.vdproj", "{DDD17923-D875-38F2-BC63-81A67E6FE0CD}"
EndProject
Global
	GlobalSection(SolutionConfigurationPlatforms) = preSolution
		Debug|Any CPU = Debug|Any CPU
		Release|Any CPU = Release|Any CPU
	EndGlobalSection
	GlobalSection(ProjectConfigurationPlatforms) = postSolution
		{7A33C55A-B203-4891-A0B0-78964A4F0228}.Debug|Any CPU.ActiveCfg = Debug|Any CPU
		{7A33C55A-B203-4891-A0B0-78964A4F0228}.Debug|Any CPU.Build.0 = Debug|Any CPU
		{7A33C55A-B203-4891-A0B0-78964A4F0228}.Release|Any CPU.ActiveCfg = Release|Any CPU
		{7A33C55A-B203-4891-A0B0-78964A4F0228}.Release|Any CPU.Build.0 = Release|Any CPU
		{DDD17923-D875-38F2-BC63-81A67E6FE0CD}.Debug|Any CPU.ActiveCfg = Debug
		{DDD17923-D875-38F2-BC63-81A67E6FE0CD}.Release|Any CPU.ActiveCfg = Release
	EndGlobalSection
	GlobalSection(SolutionProperties) = preSolution
		HideSolutionNode = FALSE
	EndGlobalSection
	GlobalSection(ExtensibilityGlobals) = postSolution
		SolutionGuid = {078A88FF-5D05-44C7-973E-D59BD831C851}
	EndGlobalSection
EndGlobal
